version: 2.0
shards:
  atspi:
    git: https://github.com/phil294/atspi.cr.git
    version: 0.12.0+git.commit.dc31620f1cc66f9fce2f4d0ed3114dc22a15ccf1

  cron_parser:
    git: https://github.com/kostya/cron_parser.git
    version: 0.4.0

  evdev:
    git: https://github.com/nickbclifford/evdev.cr.git
    version: 0.1.0+git.commit.7254b3fc679e2860b1e829a27d32e3d676d9f4dc

  future:
    git: https://github.com/crystal-community/future.cr.git
    version: 1.0.0

  gi-crystal:
    git: https://github.com/hugopl/gi-crystal.git
    version: 0.16.0+git.commit.2874e31eaa7339cb4e0d6b504c19b872c0c202c4

  gio:
    git: https://github.com/hugopl/gio.cr.git
    version: 0.1.0

  gtk3:
    git: https://github.com/phil294/gtk3.cr.git
    version: 0.14.0+git.commit.0c3f29395a7e543a17cda38b5bf9edf18765994d

  harfbuzz:
    git: https://github.com/hugopl/harfbuzz.cr.git
    version: 0.1.0

  pango:
    git: https://github.com/hugopl/pango.cr.git
    version: 0.2.0

  tasker:
    git: https://github.com/spider-gazelle/tasker.git
    version: 2.0.7

  x11:
    git: https://github.com/tamasszekeres/x11-cr.git
    version: 1.1.1

  x_do:
    git: https://github.com/phil294/x_do.cr.git
    version: 0.8.3+git.commit.94f755a4f18a9a9820e9738b371cbe6b49731926

  xtst:
    git: https://github.com/phil294/xtst-cr.git
    version: 1.0.0+git.commit.202d2aefd912355c78378789ca6ada082d835111

