version: 2.0
shards:
  atspi:
    git: https://github.com/phil294/atspi.cr.git
    version: 0.12.0+git.commit.7aec8d3604313da415e54e654c1dc6b33ae05d8d

  cron_parser:
    git: https://github.com/kostya/cron_parser.git
    version: 0.4.0

  future:
    git: https://github.com/crystal-community/future.cr.git
    version: 1.0.0

  gi-crystal:
    git: https://github.com/hugopl/gi-crystal.git
    version: 0.22.1

  gtk3:
    git: https://github.com/phil294/gtk3.cr.git
    version: 0.16.0+git.commit.3105fc24ef5e841791f8c30002db998b9c20a677

  harfbuzz:
    git: https://github.com/hugopl/harfbuzz.cr.git
    version: 0.2.0

  notify:
    git: https://github.com/phil294/notify.cr.git
    version: 0.12.0+git.commit.0c9880e6169e09f0db1cb40432e0b76651d15ad3

  pango:
    git: https://github.com/hugopl/pango.cr.git
    version: 0.3.1

  tasker:
    git: https://github.com/spider-gazelle/tasker.git
    version: 2.1.4

  x11:
    git: https://github.com/phil294/x11-cr.git
    version: 1.0.0+git.commit.5a937d647d8eac29106602fcdeb161a78eb3d59d

  x_do:
    git: https://github.com/phil294/x_do.cr.git
    version: 0.8.3+git.commit.94f755a4f18a9a9820e9738b371cbe6b49731926

  xtst:
    git: https://github.com/phil294/xtst-cr.git
    version: 1.0.0+git.commit.f731b708e1789d039258ecd62f7b0d1107a00b78

